
Microsoft Visual Studio Solution File, Format Version 12.00
# Visual Studio Version 16
VisualStudioVersion = 16.0.32228.343
MinimumVisualStudioVersion = 10.0.40219.1
Project("{D954291E-2A0B-460D-934E-DC6B0785DB48}") = "APX.Xrm", "APX.Xrm\APX.Xrm.shproj", "{94D6313F-A26F-4DC9-9935-FBCBE569709F}"
EndProject
Project("{FAE04EC0-301F-11D3-BF4B-00C04F79EFBC}") = "APX.XRM.Plugins", "APX.XRM.Plugins\APX.XRM.Plugins.csproj", "{799C5B7A-6B5F-4B0F-9C19-90518D411565}"
EndProject
Project("{FAE04EC0-301F-11D3-BF4B-00C04F79EFBC}") = "APX.XRM.UnitTests", "APX.XRM.UnitTests\APX.XRM.UnitTests.csproj", "{9F0A987D-6C77-4E74-AA68-F400D5231D24}"
EndProject
Global
	GlobalSection(SharedMSBuildProjectFiles) = preSolution
		APX.Xrm\APX.Xrm.projitems*{799c5b7a-6b5f-4b0f-9c19-90518d411565}*SharedItemsImports = 4
		APX.Xrm\APX.Xrm.projitems*{94d6313f-a26f-4dc9-9935-fbcbe569709f}*SharedItemsImports = 13
	EndGlobalSection
	GlobalSection(SolutionConfigurationPlatforms) = preSolution
		Debug|Any CPU = Debug|Any CPU
		Release|Any CPU = Release|Any CPU
	EndGlobalSection
	GlobalSection(ProjectConfigurationPlatforms) = postSolution
		{799C5B7A-6B5F-4B0F-9C19-90518D411565}.Debug|Any CPU.ActiveCfg = Debug|Any CPU
		{799C5B7A-6B5F-4B0F-9C19-90518D411565}.Debug|Any CPU.Build.0 = Debug|Any CPU
		{799C5B7A-6B5F-4B0F-9C19-90518D411565}.Release|Any CPU.ActiveCfg = Release|Any CPU
		{799C5B7A-6B5F-4B0F-9C19-90518D411565}.Release|Any CPU.Build.0 = Release|Any CPU
		{9F0A987D-6C77-4E74-AA68-F400D5231D24}.Debug|Any CPU.ActiveCfg = Debug|Any CPU
		{9F0A987D-6C77-4E74-AA68-F400D5231D24}.Debug|Any CPU.Build.0 = Debug|Any CPU
		{9F0A987D-6C77-4E74-AA68-F400D5231D24}.Release|Any CPU.ActiveCfg = Release|Any CPU
		{9F0A987D-6C77-4E74-AA68-F400D5231D24}.Release|Any CPU.Build.0 = Release|Any CPU
	EndGlobalSection
	GlobalSection(SolutionProperties) = preSolution
		HideSolutionNode = FALSE
	EndGlobalSection
	GlobalSection(ExtensibilityGlobals) = postSolution
		SolutionGuid = {A67A697B-AE3C-4CE1-94C5-1A11D6D33797}
	EndGlobalSection
EndGlobal
